
Microsoft Visual Studio Solution File, Format Version 12.00
# Visual Studio Version 17
VisualStudioVersion = 17.8.34330.188
MinimumVisualStudioVersion = 10.0.40219.1
Project("{2150E333-8FDC-42A3-9474-1A3956D46DE8}") = "ApiGateway", "ApiGateway", "{E142E0A0-C407-4AE2-A4F7-5864D31C5F6C}"
EndProject
Project("{2150E333-8FDC-42A3-9474-1A3956D46DE8}") = "BuildingBlock", "BuildingBlock", "{CFFEC9BF-ADF2-466A-B9E7-CF31A5B3FD9F}"
EndProject
Project("{2150E333-8FDC-42A3-9474-1A3956D46DE8}") = "Services", "Services", "{BBC916AC-AABE-4AA7-8364-124BC4DB301E}"
EndProject
Project("{2150E333-8FDC-42A3-9474-1A3956D46DE8}") = "Catalog", "Catalog", "{78922749-2B86-4425-9ABD-A88B15DBD346}"
EndProject
Project("{9A19103F-16F7-4668-BE54-9A1E7A4F7556}") = "Catalog.Api", "Catalog.Api\Catalog.Api.csproj", "{33BDB482-6E32-4542-8CDC-A27320B49C70}"
EndProject
Project("{9A19103F-16F7-4668-BE54-9A1E7A4F7556}") = "BuildingBlocks", "BuildingBlocks\BuildingBlocks.csproj", "{038F0871-0659-4FA4-BECB-C7F0DE4F890D}"
EndProject
Project("{9A19103F-16F7-4668-BE54-9A1E7A4F7556}") = "Product.API", "Product.API\Product.API.csproj", "{FA0418BA-65E1-4A00-850D-78C055A346E5}"
EndProject
Project("{2150E333-8FDC-42A3-9474-1A3956D46DE8}") = "Discount", "Discount", "{B773A4A1-12AE-4DED-BD6E-3C3ADC1F9D32}"
EndProject
Project("{9A19103F-16F7-4668-BE54-9A1E7A4F7556}") = "Discount.Grpc", "Discount.Grpc\Discount.Grpc.csproj", "{A41DECAD-B468-404A-8E90-44DDEE7AE28B}"
EndProject
Project("{2150E333-8FDC-42A3-9474-1A3956D46DE8}") = "Basket", "Basket", "{9C091D45-09A3-4314-B4D0-ADD2A70F250F}"
EndProject
Project("{9A19103F-16F7-4668-BE54-9A1E7A4F7556}") = "Basket.Api", "Basket.Api\Basket.Api.csproj", "{6B8D1AF2-4F5E-4F93-B0E6-99FBF5FE237D}"
EndProject
Project("{9A19103F-16F7-4668-BE54-9A1E7A4F7556}") = "BuildingBlocks.Messaging", "BuildingBlocks.Messaging\BuildingBlocks.Messaging.csproj", "{6F6D8202-B948-4E1B-96EE-9B1FBA8B74EF}"
EndProject
Project("{FAE04EC0-301F-11D3-BF4B-00C04F79EFBC}") = "YarpApiGateway", "YarpApiGateway\YarpApiGateway.csproj", "{EBFA90F3-9F26-470A-909E-51A951FCD873}"
EndProject
Project("{2150E333-8FDC-42A3-9474-1A3956D46DE8}") = "Order", "Order", "{E711A7E9-2AB3-4763-A29C-B05258DD6374}"
EndProject
Project("{FAE04EC0-301F-11D3-BF4B-00C04F79EFBC}") = "Ordering.API", "Ordering.API\Ordering.API.csproj", "{E919FE50-D492-4037-A2C4-6516FD9EB9E9}"
EndProject
Project("{FAE04EC0-301F-11D3-BF4B-00C04F79EFBC}") = "Ordering.Application", "Ordering.Application\Ordering.Application.csproj", "{752F0EB2-3F62-4618-A5A5-F7E267D8F81C}"
	ProjectSection(ProjectDependencies) = postProject
		{038F0871-0659-4FA4-BECB-C7F0DE4F890D} = {038F0871-0659-4FA4-BECB-C7F0DE4F890D}
		{6F6D8202-B948-4E1B-96EE-9B1FBA8B74EF} = {6F6D8202-B948-4E1B-96EE-9B1FBA8B74EF}
		{DE6E52BC-D2DC-4792-901B-A520B6773455} = {DE6E52BC-D2DC-4792-901B-A520B6773455}
	EndProjectSection
EndProject
Project("{FAE04EC0-301F-11D3-BF4B-00C04F79EFBC}") = "Ordering.Domain", "Ordering.Domain\Ordering.Domain.csproj", "{DE6E52BC-D2DC-4792-901B-A520B6773455}"
EndProject
Project("{FAE04EC0-301F-11D3-BF4B-00C04F79EFBC}") = "Ordering.Infrastructure", "Ordering.Infrastructure\Ordering.Infrastructure.csproj", "{1D513ED1-4366-4CEE-B644-3CEAA92FC662}"
EndProject
Global
	GlobalSection(SolutionConfigurationPlatforms) = preSolution
		Debug|Any CPU = Debug|Any CPU
		Release|Any CPU = Release|Any CPU
	EndGlobalSection
	GlobalSection(ProjectConfigurationPlatforms) = postSolution
		{33BDB482-6E32-4542-8CDC-A27320B49C70}.Debug|Any CPU.ActiveCfg = Debug|Any CPU
		{33BDB482-6E32-4542-8CDC-A27320B49C70}.Debug|Any CPU.Build.0 = Debug|Any CPU
		{33BDB482-6E32-4542-8CDC-A27320B49C70}.Release|Any CPU.ActiveCfg = Release|Any CPU
		{33BDB482-6E32-4542-8CDC-A27320B49C70}.Release|Any CPU.Build.0 = Release|Any CPU
		{038F0871-0659-4FA4-BECB-C7F0DE4F890D}.Debug|Any CPU.ActiveCfg = Debug|Any CPU
		{038F0871-0659-4FA4-BECB-C7F0DE4F890D}.Debug|Any CPU.Build.0 = Debug|Any CPU
		{038F0871-0659-4FA4-BECB-C7F0DE4F890D}.Release|Any CPU.ActiveCfg = Release|Any CPU
		{038F0871-0659-4FA4-BECB-C7F0DE4F890D}.Release|Any CPU.Build.0 = Release|Any CPU
		{FA0418BA-65E1-4A00-850D-78C055A346E5}.Debug|Any CPU.ActiveCfg = Debug|Any CPU
		{FA0418BA-65E1-4A00-850D-78C055A346E5}.Debug|Any CPU.Build.0 = Debug|Any CPU
		{FA0418BA-65E1-4A00-850D-78C055A346E5}.Release|Any CPU.ActiveCfg = Release|Any CPU
		{FA0418BA-65E1-4A00-850D-78C055A346E5}.Release|Any CPU.Build.0 = Release|Any CPU
		{A41DECAD-B468-404A-8E90-44DDEE7AE28B}.Debug|Any CPU.ActiveCfg = Debug|Any CPU
		{A41DECAD-B468-404A-8E90-44DDEE7AE28B}.Debug|Any CPU.Build.0 = Debug|Any CPU
		{A41DECAD-B468-404A-8E90-44DDEE7AE28B}.Release|Any CPU.ActiveCfg = Release|Any CPU
		{A41DECAD-B468-404A-8E90-44DDEE7AE28B}.Release|Any CPU.Build.0 = Release|Any CPU
		{6B8D1AF2-4F5E-4F93-B0E6-99FBF5FE237D}.Debug|Any CPU.ActiveCfg = Debug|Any CPU
		{6B8D1AF2-4F5E-4F93-B0E6-99FBF5FE237D}.Debug|Any CPU.Build.0 = Debug|Any CPU
		{6B8D1AF2-4F5E-4F93-B0E6-99FBF5FE237D}.Release|Any CPU.ActiveCfg = Release|Any CPU
		{6B8D1AF2-4F5E-4F93-B0E6-99FBF5FE237D}.Release|Any CPU.Build.0 = Release|Any CPU
		{6F6D8202-B948-4E1B-96EE-9B1FBA8B74EF}.Debug|Any CPU.ActiveCfg = Debug|Any CPU
		{6F6D8202-B948-4E1B-96EE-9B1FBA8B74EF}.Debug|Any CPU.Build.0 = Debug|Any CPU
		{6F6D8202-B948-4E1B-96EE-9B1FBA8B74EF}.Release|Any CPU.ActiveCfg = Release|Any CPU
		{6F6D8202-B948-4E1B-96EE-9B1FBA8B74EF}.Release|Any CPU.Build.0 = Release|Any CPU
		{EBFA90F3-9F26-470A-909E-51A951FCD873}.Debug|Any CPU.ActiveCfg = Debug|Any CPU
		{EBFA90F3-9F26-470A-909E-51A951FCD873}.Debug|Any CPU.Build.0 = Debug|Any CPU
		{EBFA90F3-9F26-470A-909E-51A951FCD873}.Release|Any CPU.ActiveCfg = Release|Any CPU
		{EBFA90F3-9F26-470A-909E-51A951FCD873}.Release|Any CPU.Build.0 = Release|Any CPU
		{E919FE50-D492-4037-A2C4-6516FD9EB9E9}.Debug|Any CPU.ActiveCfg = Debug|Any CPU
		{E919FE50-D492-4037-A2C4-6516FD9EB9E9}.Debug|Any CPU.Build.0 = Debug|Any CPU
		{E919FE50-D492-4037-A2C4-6516FD9EB9E9}.Release|Any CPU.ActiveCfg = Release|Any CPU
		{E919FE50-D492-4037-A2C4-6516FD9EB9E9}.Release|Any CPU.Build.0 = Release|Any CPU
		{752F0EB2-3F62-4618-A5A5-F7E267D8F81C}.Debug|Any CPU.ActiveCfg = Debug|Any CPU
		{752F0EB2-3F62-4618-A5A5-F7E267D8F81C}.Debug|Any CPU.Build.0 = Debug|Any CPU
		{752F0EB2-3F62-4618-A5A5-F7E267D8F81C}.Release|Any CPU.ActiveCfg = Release|Any CPU
		{752F0EB2-3F62-4618-A5A5-F7E267D8F81C}.Release|Any CPU.Build.0 = Release|Any CPU
		{DE6E52BC-D2DC-4792-901B-A520B6773455}.Debug|Any CPU.ActiveCfg = Debug|Any CPU
		{DE6E52BC-D2DC-4792-901B-A520B6773455}.Debug|Any CPU.Build.0 = Debug|Any CPU
		{DE6E52BC-D2DC-4792-901B-A520B6773455}.Release|Any CPU.ActiveCfg = Release|Any CPU
		{DE6E52BC-D2DC-4792-901B-A520B6773455}.Release|Any CPU.Build.0 = Release|Any CPU
		{1D513ED1-4366-4CEE-B644-3CEAA92FC662}.Debug|Any CPU.ActiveCfg = Debug|Any CPU
		{1D513ED1-4366-4CEE-B644-3CEAA92FC662}.Debug|Any CPU.Build.0 = Debug|Any CPU
		{1D513ED1-4366-4CEE-B644-3CEAA92FC662}.Release|Any CPU.ActiveCfg = Release|Any CPU
		{1D513ED1-4366-4CEE-B644-3CEAA92FC662}.Release|Any CPU.Build.0 = Release|Any CPU
	EndGlobalSection
	GlobalSection(SolutionProperties) = preSolution
		HideSolutionNode = FALSE
	EndGlobalSection
	GlobalSection(NestedProjects) = preSolution
		{78922749-2B86-4425-9ABD-A88B15DBD346} = {BBC916AC-AABE-4AA7-8364-124BC4DB301E}
		{33BDB482-6E32-4542-8CDC-A27320B49C70} = {78922749-2B86-4425-9ABD-A88B15DBD346}
		{038F0871-0659-4FA4-BECB-C7F0DE4F890D} = {CFFEC9BF-ADF2-466A-B9E7-CF31A5B3FD9F}
		{FA0418BA-65E1-4A00-850D-78C055A346E5} = {78922749-2B86-4425-9ABD-A88B15DBD346}
		{B773A4A1-12AE-4DED-BD6E-3C3ADC1F9D32} = {BBC916AC-AABE-4AA7-8364-124BC4DB301E}
		{A41DECAD-B468-404A-8E90-44DDEE7AE28B} = {B773A4A1-12AE-4DED-BD6E-3C3ADC1F9D32}
		{9C091D45-09A3-4314-B4D0-ADD2A70F250F} = {BBC916AC-AABE-4AA7-8364-124BC4DB301E}
		{6B8D1AF2-4F5E-4F93-B0E6-99FBF5FE237D} = {9C091D45-09A3-4314-B4D0-ADD2A70F250F}
		{6F6D8202-B948-4E1B-96EE-9B1FBA8B74EF} = {CFFEC9BF-ADF2-466A-B9E7-CF31A5B3FD9F}
		{EBFA90F3-9F26-470A-909E-51A951FCD873} = {E142E0A0-C407-4AE2-A4F7-5864D31C5F6C}
		{E711A7E9-2AB3-4763-A29C-B05258DD6374} = {BBC916AC-AABE-4AA7-8364-124BC4DB301E}
		{E919FE50-D492-4037-A2C4-6516FD9EB9E9} = {E711A7E9-2AB3-4763-A29C-B05258DD6374}
		{752F0EB2-3F62-4618-A5A5-F7E267D8F81C} = {E711A7E9-2AB3-4763-A29C-B05258DD6374}
		{DE6E52BC-D2DC-4792-901B-A520B6773455} = {E711A7E9-2AB3-4763-A29C-B05258DD6374}
		{1D513ED1-4366-4CEE-B644-3CEAA92FC662} = {E711A7E9-2AB3-4763-A29C-B05258DD6374}
	EndGlobalSection
	GlobalSection(ExtensibilityGlobals) = postSolution
		SolutionGuid = {7ED5C4CE-5DCC-494F-8256-564E8F5664C3}
	EndGlobalSection
EndGlobal
